// !$*UTF8*$!
{
	archiveVersion = 1;
	classes = {
	};
	objectVersion = 46;
	objects = {

/* Begin PBXBuildFile section */
		203F052C1A40605D00968B6D /* HideAndShowUIElement.swift in Sources */ = {isa = PBXBuildFile; fileRef = 203F052B1A40605D00968B6D /* HideAndShowUIElement.swift */; };
		203F05301A406EC300968B6D /* addStatusColor.swift in Sources */ = {isa = PBXBuildFile; fileRef = 203F052F1A406EC300968B6D /* addStatusColor.swift */; };
		203F05321A40723B00968B6D /* ApplyShadowToUIView.swift in Sources */ = {isa = PBXBuildFile; fileRef = 203F05311A40723B00968B6D /* ApplyShadowToUIView.swift */; };
		203F05341A40841700968B6D /* placeholderTextView.swift in Sources */ = {isa = PBXBuildFile; fileRef = 203F05331A40841700968B6D /* placeholderTextView.swift */; };
		20C868F61A35E65000FAC10C /* ColorWithRGBHex.swift in Sources */ = {isa = PBXBuildFile; fileRef = 20C868F51A35E65000FAC10C /* ColorWithRGBHex.swift */; };
		20C869091A36006400FAC10C /* Lato-Black.ttf in Resources */ = {isa = PBXBuildFile; fileRef = 20C868F71A36006400FAC10C /* Lato-Black.ttf */; };
		20C8690A1A36006400FAC10C /* Lato-BlackItalic.ttf in Resources */ = {isa = PBXBuildFile; fileRef = 20C868F81A36006400FAC10C /* Lato-BlackItalic.ttf */; };
		20C8690B1A36006400FAC10C /* Lato-Bold.ttf in Resources */ = {isa = PBXBuildFile; fileRef = 20C868F91A36006400FAC10C /* Lato-Bold.ttf */; };
		20C8690C1A36006400FAC10C /* Lato-BoldItalic.ttf in Resources */ = {isa = PBXBuildFile; fileRef = 20C868FA1A36006400FAC10C /* Lato-BoldItalic.ttf */; };
		20C8690D1A36006400FAC10C /* Lato-Hairline.ttf in Resources */ = {isa = PBXBuildFile; fileRef = 20C868FB1A36006400FAC10C /* Lato-Hairline.ttf */; };
		20C8690E1A36006400FAC10C /* Lato-HairlineItalic.ttf in Resources */ = {isa = PBXBuildFile; fileRef = 20C868FC1A36006400FAC10C /* Lato-HairlineItalic.ttf */; };
		20C8690F1A36006400FAC10C /* Lato-Heavy.ttf in Resources */ = {isa = PBXBuildFile; fileRef = 20C868FD1A36006400FAC10C /* Lato-Heavy.ttf */; };
		20C869101A36006400FAC10C /* Lato-HeavyItalic.ttf in Resources */ = {isa = PBXBuildFile; fileRef = 20C868FE1A36006400FAC10C /* Lato-HeavyItalic.ttf */; };
		20C869111A36006400FAC10C /* Lato-Italic.ttf in Resources */ = {isa = PBXBuildFile; fileRef = 20C868FF1A36006400FAC10C /* Lato-Italic.ttf */; };
		20C869121A36006400FAC10C /* Lato-Light.ttf in Resources */ = {isa = PBXBuildFile; fileRef = 20C869001A36006400FAC10C /* Lato-Light.ttf */; };
		20C869131A36006400FAC10C /* Lato-LightItalic.ttf in Resources */ = {isa = PBXBuildFile; fileRef = 20C869011A36006400FAC10C /* Lato-LightItalic.ttf */; };
		20C869141A36006400FAC10C /* Lato-Medium.ttf in Resources */ = {isa = PBXBuildFile; fileRef = 20C869021A36006400FAC10C /* Lato-Medium.ttf */; };
		20C869151A36006400FAC10C /* Lato-MediumItalic.ttf in Resources */ = {isa = PBXBuildFile; fileRef = 20C869031A36006400FAC10C /* Lato-MediumItalic.ttf */; };
		20C869161A36006400FAC10C /* Lato-Regular.ttf in Resources */ = {isa = PBXBuildFile; fileRef = 20C869041A36006400FAC10C /* Lato-Regular.ttf */; };
		20C869171A36006400FAC10C /* Lato-Semibold.ttf in Resources */ = {isa = PBXBuildFile; fileRef = 20C869051A36006400FAC10C /* Lato-Semibold.ttf */; };
		20C869181A36006400FAC10C /* Lato-SemiboldItalic.ttf in Resources */ = {isa = PBXBuildFile; fileRef = 20C869061A36006400FAC10C /* Lato-SemiboldItalic.ttf */; };
		20C869191A36006400FAC10C /* Lato-Thin.ttf in Resources */ = {isa = PBXBuildFile; fileRef = 20C869071A36006400FAC10C /* Lato-Thin.ttf */; };
		20C8691A1A36006400FAC10C /* Lato-ThinItalic.ttf in Resources */ = {isa = PBXBuildFile; fileRef = 20C869081A36006400FAC10C /* Lato-ThinItalic.ttf */; };
		20DC18541A3F2E7A000855DC /* CaseOverviewCellView.swift in Sources */ = {isa = PBXBuildFile; fileRef = 20DC18531A3F2E7A000855DC /* CaseOverviewCellView.swift */; };
		20DC18561A3F344E000855DC /* DocumentCellView.swift in Sources */ = {isa = PBXBuildFile; fileRef = 20DC18551A3F344E000855DC /* DocumentCellView.swift */; };
		20DC18581A3F349D000855DC /* CommentCellView.swift in Sources */ = {isa = PBXBuildFile; fileRef = 20DC18571A3F349D000855DC /* CommentCellView.swift */; };
		20DC185B1A3F3D33000855DC /* Colors.swift in Sources */ = {isa = PBXBuildFile; fileRef = 20DC185A1A3F3D33000855DC /* Colors.swift */; };
		20EBAEE31A40994300F17FB9 /* RoundedCorners.swift in Sources */ = {isa = PBXBuildFile; fileRef = 20EBAEE21A40994300F17FB9 /* RoundedCorners.swift */; };
		20EBAEEF1A41A8EB00F17FB9 /* StatusColor.swift in Sources */ = {isa = PBXBuildFile; fileRef = 20EBAEEE1A41A8EB00F17FB9 /* StatusColor.swift */; };
		CB0A0D4A19F662A900EFEB2C /* AppDelegate.swift in Sources */ = {isa = PBXBuildFile; fileRef = CB0A0D4919F662A900EFEB2C /* AppDelegate.swift */; };
		CB0A0D4D19F662A900EFEB2C /* namapp.xcdatamodeld in Sources */ = {isa = PBXBuildFile; fileRef = CB0A0D4B19F662A900EFEB2C /* namapp.xcdatamodeld */; };
		CB0A0D5219F662A900EFEB2C /* Main.storyboard in Resources */ = {isa = PBXBuildFile; fileRef = CB0A0D5019F662A900EFEB2C /* Main.storyboard */; };
		CB0A0D5719F662A900EFEB2C /* LaunchScreen.xib in Resources */ = {isa = PBXBuildFile; fileRef = CB0A0D5519F662A900EFEB2C /* LaunchScreen.xib */; };
		CB0A0D6319F662A900EFEB2C /* namappTests.swift in Sources */ = {isa = PBXBuildFile; fileRef = CB0A0D6219F662A900EFEB2C /* namappTests.swift */; };
		CB2491031A35BA3000635E42 /* CommentViewController.swift in Sources */ = {isa = PBXBuildFile; fileRef = CB2491021A35BA3000635E42 /* CommentViewController.swift */; };
		CB292CC31A3EEF68007FEB84 /* ApplicationViewController.swift in Sources */ = {isa = PBXBuildFile; fileRef = CB292CC21A3EEF68007FEB84 /* ApplicationViewController.swift */; };
		CB292CC51A3F1405007FEB84 /* Backend.swift in Sources */ = {isa = PBXBuildFile; fileRef = CB292CC41A3F1405007FEB84 /* Backend.swift */; };
		CB2A3CCF1A247B4E00D70809 /* CaseViewController.swift in Sources */ = {isa = PBXBuildFile; fileRef = CB2A3CCE1A247B4E00D70809 /* CaseViewController.swift */; };
		CB2A3CD41A247D8D00D70809 /* Document.swift in Sources */ = {isa = PBXBuildFile; fileRef = CB2A3CD31A247D8D00D70809 /* Document.swift */; };
		CB6A5AAA1A35E1C30047F2E9 /* Comment.swift in Sources */ = {isa = PBXBuildFile; fileRef = CB6A5AA91A35E1C30047F2E9 /* Comment.swift */; };
		CB6E3CE31A2F2CE000A67E74 /* LoginViewController.swift in Sources */ = {isa = PBXBuildFile; fileRef = CB6E3CE21A2F2CE000A67E74 /* LoginViewController.swift */; };
		CB6E3CE91A2FBC0400A67E74 /* Note.swift in Sources */ = {isa = PBXBuildFile; fileRef = CB6E3CE81A2FBC0400A67E74 /* Note.swift */; };
		CB93309B1A0266AD0042E28C /* DocumentViewController.swift in Sources */ = {isa = PBXBuildFile; fileRef = CB93309A1A0266AD0042E28C /* DocumentViewController.swift */; };
		CBA533F41A136B800022BA46 /* ArrayController.swift in Sources */ = {isa = PBXBuildFile; fileRef = CBA533F31A136B800022BA46 /* ArrayController.swift */; };
		CBBB4AAD1A3737CA008AD023 /* Images.xcassets in Resources */ = {isa = PBXBuildFile; fileRef = CBBB4AAC1A3737CA008AD023 /* Images.xcassets */; };
		CBC6977A1A2361C4000B3CC6 /* DictController.swift in Sources */ = {isa = PBXBuildFile; fileRef = CBC697791A2361C4000B3CC6 /* DictController.swift */; };
		CBC6977E1A236611000B3CC6 /* OverviewViewController.swift in Sources */ = {isa = PBXBuildFile; fileRef = CBC6977D1A236611000B3CC6 /* OverviewViewController.swift */; };
		CBC697821A237098000B3CC6 /* CaseItem.swift in Sources */ = {isa = PBXBuildFile; fileRef = CBC697811A237098000B3CC6 /* CaseItem.swift */; };
/* End PBXBuildFile section */

/* Begin PBXContainerItemProxy section */
		CB0A0D5D19F662A900EFEB2C /* PBXContainerItemProxy */ = {
			isa = PBXContainerItemProxy;
			containerPortal = CB0A0D3C19F662A900EFEB2C /* Project object */;
			proxyType = 1;
			remoteGlobalIDString = CB0A0D4319F662A900EFEB2C;
			remoteInfo = namapp;
		};
/* End PBXContainerItemProxy section */

/* Begin PBXFileReference section */
		203F052B1A40605D00968B6D /* HideAndShowUIElement.swift */ = {isa = PBXFileReference; fileEncoding = 4; lastKnownFileType = sourcecode.swift; path = HideAndShowUIElement.swift; sourceTree = "<group>"; };
		203F052F1A406EC300968B6D /* addStatusColor.swift */ = {isa = PBXFileReference; fileEncoding = 4; lastKnownFileType = sourcecode.swift; path = addStatusColor.swift; sourceTree = "<group>"; };
		203F05311A40723B00968B6D /* ApplyShadowToUIView.swift */ = {isa = PBXFileReference; fileEncoding = 4; lastKnownFileType = sourcecode.swift; path = ApplyShadowToUIView.swift; sourceTree = "<group>"; };
		203F05331A40841700968B6D /* placeholderTextView.swift */ = {isa = PBXFileReference; fileEncoding = 4; lastKnownFileType = sourcecode.swift; path = placeholderTextView.swift; sourceTree = "<group>"; };
		20C868F51A35E65000FAC10C /* ColorWithRGBHex.swift */ = {isa = PBXFileReference; fileEncoding = 4; lastKnownFileType = sourcecode.swift; path = ColorWithRGBHex.swift; sourceTree = "<group>"; };
		20C868F71A36006400FAC10C /* Lato-Black.ttf */ = {isa = PBXFileReference; lastKnownFileType = file; name = "Lato-Black.ttf"; path = "Fonts/Lato-Black.ttf"; sourceTree = "<group>"; };
		20C868F81A36006400FAC10C /* Lato-BlackItalic.ttf */ = {isa = PBXFileReference; lastKnownFileType = file; name = "Lato-BlackItalic.ttf"; path = "Fonts/Lato-BlackItalic.ttf"; sourceTree = "<group>"; };
		20C868F91A36006400FAC10C /* Lato-Bold.ttf */ = {isa = PBXFileReference; lastKnownFileType = file; name = "Lato-Bold.ttf"; path = "Fonts/Lato-Bold.ttf"; sourceTree = "<group>"; };
		20C868FA1A36006400FAC10C /* Lato-BoldItalic.ttf */ = {isa = PBXFileReference; lastKnownFileType = file; name = "Lato-BoldItalic.ttf"; path = "Fonts/Lato-BoldItalic.ttf"; sourceTree = "<group>"; };
		20C868FB1A36006400FAC10C /* Lato-Hairline.ttf */ = {isa = PBXFileReference; lastKnownFileType = file; name = "Lato-Hairline.ttf"; path = "Fonts/Lato-Hairline.ttf"; sourceTree = "<group>"; };
		20C868FC1A36006400FAC10C /* Lato-HairlineItalic.ttf */ = {isa = PBXFileReference; lastKnownFileType = file; name = "Lato-HairlineItalic.ttf"; path = "Fonts/Lato-HairlineItalic.ttf"; sourceTree = "<group>"; };
		20C868FD1A36006400FAC10C /* Lato-Heavy.ttf */ = {isa = PBXFileReference; lastKnownFileType = file; name = "Lato-Heavy.ttf"; path = "Fonts/Lato-Heavy.ttf"; sourceTree = "<group>"; };
		20C868FE1A36006400FAC10C /* Lato-HeavyItalic.ttf */ = {isa = PBXFileReference; lastKnownFileType = file; name = "Lato-HeavyItalic.ttf"; path = "Fonts/Lato-HeavyItalic.ttf"; sourceTree = "<group>"; };
		20C868FF1A36006400FAC10C /* Lato-Italic.ttf */ = {isa = PBXFileReference; lastKnownFileType = file; name = "Lato-Italic.ttf"; path = "Fonts/Lato-Italic.ttf"; sourceTree = "<group>"; };
		20C869001A36006400FAC10C /* Lato-Light.ttf */ = {isa = PBXFileReference; lastKnownFileType = file; name = "Lato-Light.ttf"; path = "Fonts/Lato-Light.ttf"; sourceTree = "<group>"; };
		20C869011A36006400FAC10C /* Lato-LightItalic.ttf */ = {isa = PBXFileReference; lastKnownFileType = file; name = "Lato-LightItalic.ttf"; path = "Fonts/Lato-LightItalic.ttf"; sourceTree = "<group>"; };
		20C869021A36006400FAC10C /* Lato-Medium.ttf */ = {isa = PBXFileReference; lastKnownFileType = file; name = "Lato-Medium.ttf"; path = "Fonts/Lato-Medium.ttf"; sourceTree = "<group>"; };
		20C869031A36006400FAC10C /* Lato-MediumItalic.ttf */ = {isa = PBXFileReference; lastKnownFileType = file; name = "Lato-MediumItalic.ttf"; path = "Fonts/Lato-MediumItalic.ttf"; sourceTree = "<group>"; };
		20C869041A36006400FAC10C /* Lato-Regular.ttf */ = {isa = PBXFileReference; lastKnownFileType = file; name = "Lato-Regular.ttf"; path = "Fonts/Lato-Regular.ttf"; sourceTree = "<group>"; };
		20C869051A36006400FAC10C /* Lato-Semibold.ttf */ = {isa = PBXFileReference; lastKnownFileType = file; name = "Lato-Semibold.ttf"; path = "Fonts/Lato-Semibold.ttf"; sourceTree = "<group>"; };
		20C869061A36006400FAC10C /* Lato-SemiboldItalic.ttf */ = {isa = PBXFileReference; lastKnownFileType = file; name = "Lato-SemiboldItalic.ttf"; path = "Fonts/Lato-SemiboldItalic.ttf"; sourceTree = "<group>"; };
		20C869071A36006400FAC10C /* Lato-Thin.ttf */ = {isa = PBXFileReference; lastKnownFileType = file; name = "Lato-Thin.ttf"; path = "Fonts/Lato-Thin.ttf"; sourceTree = "<group>"; };
		20C869081A36006400FAC10C /* Lato-ThinItalic.ttf */ = {isa = PBXFileReference; lastKnownFileType = file; name = "Lato-ThinItalic.ttf"; path = "Fonts/Lato-ThinItalic.ttf"; sourceTree = "<group>"; };
		20DC18531A3F2E7A000855DC /* CaseOverviewCellView.swift */ = {isa = PBXFileReference; fileEncoding = 4; lastKnownFileType = sourcecode.swift; path = CaseOverviewCellView.swift; sourceTree = "<group>"; };
		20DC18551A3F344E000855DC /* DocumentCellView.swift */ = {isa = PBXFileReference; fileEncoding = 4; lastKnownFileType = sourcecode.swift; path = DocumentCellView.swift; sourceTree = "<group>"; };
		20DC18571A3F349D000855DC /* CommentCellView.swift */ = {isa = PBXFileReference; fileEncoding = 4; lastKnownFileType = sourcecode.swift; path = CommentCellView.swift; sourceTree = "<group>"; };
		20DC185A1A3F3D33000855DC /* Colors.swift */ = {isa = PBXFileReference; fileEncoding = 4; lastKnownFileType = sourcecode.swift; path = Colors.swift; sourceTree = "<group>"; };
		20EBAEE21A40994300F17FB9 /* RoundedCorners.swift */ = {isa = PBXFileReference; fileEncoding = 4; lastKnownFileType = sourcecode.swift; path = RoundedCorners.swift; sourceTree = "<group>"; };
		20EBAEEE1A41A8EB00F17FB9 /* StatusColor.swift */ = {isa = PBXFileReference; fileEncoding = 4; lastKnownFileType = sourcecode.swift; path = StatusColor.swift; sourceTree = "<group>"; };
		CB0A0D4419F662A900EFEB2C /* namapp.app */ = {isa = PBXFileReference; explicitFileType = wrapper.application; includeInIndex = 0; path = namapp.app; sourceTree = BUILT_PRODUCTS_DIR; };
		CB0A0D4819F662A900EFEB2C /* Info.plist */ = {isa = PBXFileReference; lastKnownFileType = text.plist.xml; path = Info.plist; sourceTree = "<group>"; };
		CB0A0D4919F662A900EFEB2C /* AppDelegate.swift */ = {isa = PBXFileReference; lastKnownFileType = sourcecode.swift; path = AppDelegate.swift; sourceTree = "<group>"; };
		CB0A0D4C19F662A900EFEB2C /* namapp.xcdatamodel */ = {isa = PBXFileReference; lastKnownFileType = wrapper.xcdatamodel; path = namapp.xcdatamodel; sourceTree = "<group>"; };
		CB0A0D5119F662A900EFEB2C /* Base */ = {isa = PBXFileReference; lastKnownFileType = file.storyboard; name = Base; path = Base.lproj/Main.storyboard; sourceTree = "<group>"; };
		CB0A0D5619F662A900EFEB2C /* Base */ = {isa = PBXFileReference; lastKnownFileType = file.xib; name = Base; path = Base.lproj/LaunchScreen.xib; sourceTree = "<group>"; };
		CB0A0D5C19F662A900EFEB2C /* namappTests.xctest */ = {isa = PBXFileReference; explicitFileType = wrapper.cfbundle; includeInIndex = 0; path = namappTests.xctest; sourceTree = BUILT_PRODUCTS_DIR; };
		CB0A0D6119F662A900EFEB2C /* Info.plist */ = {isa = PBXFileReference; lastKnownFileType = text.plist.xml; path = Info.plist; sourceTree = "<group>"; };
		CB0A0D6219F662A900EFEB2C /* namappTests.swift */ = {isa = PBXFileReference; lastKnownFileType = sourcecode.swift; path = namappTests.swift; sourceTree = "<group>"; };
		CB2491021A35BA3000635E42 /* CommentViewController.swift */ = {isa = PBXFileReference; fileEncoding = 4; lastKnownFileType = sourcecode.swift; path = CommentViewController.swift; sourceTree = "<group>"; };
		CB292CC21A3EEF68007FEB84 /* ApplicationViewController.swift */ = {isa = PBXFileReference; fileEncoding = 4; lastKnownFileType = sourcecode.swift; path = ApplicationViewController.swift; sourceTree = "<group>"; };
		CB292CC41A3F1405007FEB84 /* Backend.swift */ = {isa = PBXFileReference; fileEncoding = 4; lastKnownFileType = sourcecode.swift; path = Backend.swift; sourceTree = "<group>"; };
		CB2A3CCE1A247B4E00D70809 /* CaseViewController.swift */ = {isa = PBXFileReference; fileEncoding = 4; lastKnownFileType = sourcecode.swift; path = CaseViewController.swift; sourceTree = "<group>"; };
		CB2A3CD31A247D8D00D70809 /* Document.swift */ = {isa = PBXFileReference; fileEncoding = 4; lastKnownFileType = sourcecode.swift; path = Document.swift; sourceTree = "<group>"; };
		CB6A5AA91A35E1C30047F2E9 /* Comment.swift */ = {isa = PBXFileReference; fileEncoding = 4; lastKnownFileType = sourcecode.swift; path = Comment.swift; sourceTree = "<group>"; };
		CB6E3CE21A2F2CE000A67E74 /* LoginViewController.swift */ = {isa = PBXFileReference; fileEncoding = 4; lastKnownFileType = sourcecode.swift; path = LoginViewController.swift; sourceTree = "<group>"; };
		CB6E3CE81A2FBC0400A67E74 /* Note.swift */ = {isa = PBXFileReference; fileEncoding = 4; lastKnownFileType = sourcecode.swift; path = Note.swift; sourceTree = "<group>"; };
		CB93309A1A0266AD0042E28C /* DocumentViewController.swift */ = {isa = PBXFileReference; fileEncoding = 4; lastKnownFileType = sourcecode.swift; path = DocumentViewController.swift; sourceTree = "<group>"; };
		CBA533F31A136B800022BA46 /* ArrayController.swift */ = {isa = PBXFileReference; fileEncoding = 4; lastKnownFileType = sourcecode.swift; path = ArrayController.swift; sourceTree = "<group>"; };
		CBBB4AAC1A3737CA008AD023 /* Images.xcassets */ = {isa = PBXFileReference; lastKnownFileType = folder.assetcatalog; path = Images.xcassets; sourceTree = "<group>"; };
		CBC697791A2361C4000B3CC6 /* DictController.swift */ = {isa = PBXFileReference; fileEncoding = 4; lastKnownFileType = sourcecode.swift; path = DictController.swift; sourceTree = "<group>"; };
		CBC6977D1A236611000B3CC6 /* OverviewViewController.swift */ = {isa = PBXFileReference; fileEncoding = 4; lastKnownFileType = sourcecode.swift; path = OverviewViewController.swift; sourceTree = "<group>"; };
		CBC697811A237098000B3CC6 /* CaseItem.swift */ = {isa = PBXFileReference; fileEncoding = 4; lastKnownFileType = sourcecode.swift; path = CaseItem.swift; sourceTree = "<group>"; };
/* End PBXFileReference section */

/* Begin PBXFrameworksBuildPhase section */
		CB0A0D4119F662A900EFEB2C /* Frameworks */ = {
			isa = PBXFrameworksBuildPhase;
			buildActionMask = 2147483647;
			files = (
			);
			runOnlyForDeploymentPostprocessing = 0;
		};
		CB0A0D5919F662A900EFEB2C /* Frameworks */ = {
			isa = PBXFrameworksBuildPhase;
			buildActionMask = 2147483647;
			files = (
			);
			runOnlyForDeploymentPostprocessing = 0;
		};
/* End PBXFrameworksBuildPhase section */

/* Begin PBXGroup section */
		20C868F41A35E47700FAC10C /* Extensions */ = {
			isa = PBXGroup;
			children = (
				20C868F51A35E65000FAC10C /* ColorWithRGBHex.swift */,
				20DC185A1A3F3D33000855DC /* Colors.swift */,
				203F052B1A40605D00968B6D /* HideAndShowUIElement.swift */,
				203F052F1A406EC300968B6D /* addStatusColor.swift */,
				203F05311A40723B00968B6D /* ApplyShadowToUIView.swift */,
				203F05331A40841700968B6D /* placeholderTextView.swift */,
				20EBAEE21A40994300F17FB9 /* RoundedCorners.swift */,
			);
			name = Extensions;
			sourceTree = "<group>";
		};
		20C8691C1A36007500FAC10C /* Fonts */ = {
			isa = PBXGroup;
			children = (
				20C868F71A36006400FAC10C /* Lato-Black.ttf */,
				20C868F81A36006400FAC10C /* Lato-BlackItalic.ttf */,
				20C868F91A36006400FAC10C /* Lato-Bold.ttf */,
				20C868FA1A36006400FAC10C /* Lato-BoldItalic.ttf */,
				20C868FB1A36006400FAC10C /* Lato-Hairline.ttf */,
				20C868FC1A36006400FAC10C /* Lato-HairlineItalic.ttf */,
				20C868FD1A36006400FAC10C /* Lato-Heavy.ttf */,
				20C868FE1A36006400FAC10C /* Lato-HeavyItalic.ttf */,
				20C868FF1A36006400FAC10C /* Lato-Italic.ttf */,
				20C869001A36006400FAC10C /* Lato-Light.ttf */,
				20C869011A36006400FAC10C /* Lato-LightItalic.ttf */,
				20C869021A36006400FAC10C /* Lato-Medium.ttf */,
				20C869031A36006400FAC10C /* Lato-MediumItalic.ttf */,
				20C869041A36006400FAC10C /* Lato-Regular.ttf */,
				20C869051A36006400FAC10C /* Lato-Semibold.ttf */,
				20C869061A36006400FAC10C /* Lato-SemiboldItalic.ttf */,
				20C869071A36006400FAC10C /* Lato-Thin.ttf */,
				20C869081A36006400FAC10C /* Lato-ThinItalic.ttf */,
			);
			name = Fonts;
			sourceTree = "<group>";
		};
		20DC18591A3F3601000855DC /* Views */ = {
			isa = PBXGroup;
			children = (
				20DC18531A3F2E7A000855DC /* CaseOverviewCellView.swift */,
				20DC18551A3F344E000855DC /* DocumentCellView.swift */,
				20DC18571A3F349D000855DC /* CommentCellView.swift */,
				20EBAEEE1A41A8EB00F17FB9 /* StatusColor.swift */,
			);
			name = Views;
			sourceTree = "<group>";
		};
		CB0A0D3B19F662A900EFEB2C = {
			isa = PBXGroup;
			children = (
				CB0A0D4619F662A900EFEB2C /* namapp */,
				CB0A0D5F19F662A900EFEB2C /* namappTests */,
				CB0A0D4519F662A900EFEB2C /* Products */,
			);
			sourceTree = "<group>";
		};
		CB0A0D4519F662A900EFEB2C /* Products */ = {
			isa = PBXGroup;
			children = (
				CB0A0D4419F662A900EFEB2C /* namapp.app */,
				CB0A0D5C19F662A900EFEB2C /* namappTests.xctest */,
			);
			name = Products;
			sourceTree = "<group>";
		};
		CB0A0D4619F662A900EFEB2C /* namapp */ = {
			isa = PBXGroup;
			children = (
				20C868F41A35E47700FAC10C /* Extensions */,
				CB0A0D4919F662A900EFEB2C /* AppDelegate.swift */,
				CB292CC61A3F1418007FEB84 /* Backend */,
				CB2A3CD01A247C5600D70809 /* API Controllers */,
				CB2A3CD11A247C6E00D70809 /* Controllers */,
				20DC18591A3F3601000855DC /* Views */,
				CB2A3CD21A247C7E00D70809 /* Models */,
				CB0A0D5019F662A900EFEB2C /* Main.storyboard */,
				CB0A0D5519F662A900EFEB2C /* LaunchScreen.xib */,
				CB0A0D4B19F662A900EFEB2C /* namapp.xcdatamodeld */,
				CBBB4AAC1A3737CA008AD023 /* Images.xcassets */,
				CB0A0D4719F662A900EFEB2C /* Supporting Files */,
			);
			path = namapp;
			sourceTree = "<group>";
		};
		CB0A0D4719F662A900EFEB2C /* Supporting Files */ = {
			isa = PBXGroup;
			children = (
				20C8691C1A36007500FAC10C /* Fonts */,
				CB0A0D4819F662A900EFEB2C /* Info.plist */,
			);
			name = "Supporting Files";
			sourceTree = "<group>";
		};
		CB0A0D5F19F662A900EFEB2C /* namappTests */ = {
			isa = PBXGroup;
			children = (
				CB0A0D6219F662A900EFEB2C /* namappTests.swift */,
				CB0A0D6019F662A900EFEB2C /* Supporting Files */,
			);
			path = namappTests;
			sourceTree = "<group>";
		};
		CB0A0D6019F662A900EFEB2C /* Supporting Files */ = {
			isa = PBXGroup;
			children = (
				CB0A0D6119F662A900EFEB2C /* Info.plist */,
			);
			name = "Supporting Files";
			sourceTree = "<group>";
		};
		CB292CC61A3F1418007FEB84 /* Backend */ = {
			isa = PBXGroup;
			children = (
				CB292CC41A3F1405007FEB84 /* Backend.swift */,
			);
			name = Backend;
			sourceTree = "<group>";
		};
		CB2A3CD01A247C5600D70809 /* API Controllers */ = {
			isa = PBXGroup;
			children = (
				CBA533F31A136B800022BA46 /* ArrayController.swift */,
				CBC697791A2361C4000B3CC6 /* DictController.swift */,
			);
			name = "API Controllers";
			sourceTree = "<group>";
		};
		CB2A3CD11A247C6E00D70809 /* Controllers */ = {
			isa = PBXGroup;
			children = (
				CB292CC21A3EEF68007FEB84 /* ApplicationViewController.swift */,
				CB6E3CE21A2F2CE000A67E74 /* LoginViewController.swift */,
				CBC6977D1A236611000B3CC6 /* OverviewViewController.swift */,
				CB2A3CCE1A247B4E00D70809 /* CaseViewController.swift */,
				CB2491021A35BA3000635E42 /* CommentViewController.swift */,
				CB93309A1A0266AD0042E28C /* DocumentViewController.swift */,
			);
			name = Controllers;
			sourceTree = "<group>";
		};
		CB2A3CD21A247C7E00D70809 /* Models */ = {
			isa = PBXGroup;
			children = (
				CBC697811A237098000B3CC6 /* CaseItem.swift */,
				CB2A3CD31A247D8D00D70809 /* Document.swift */,
				CB6A5AA91A35E1C30047F2E9 /* Comment.swift */,
				CB6E3CE81A2FBC0400A67E74 /* Note.swift */,
			);
			name = Models;
			sourceTree = "<group>";
		};
/* End PBXGroup section */

/* Begin PBXNativeTarget section */
		CB0A0D4319F662A900EFEB2C /* namapp */ = {
			isa = PBXNativeTarget;
			buildConfigurationList = CB0A0D6619F662AA00EFEB2C /* Build configuration list for PBXNativeTarget "namapp" */;
			buildPhases = (
				CB0A0D4019F662A900EFEB2C /* Sources */,
				CB0A0D4119F662A900EFEB2C /* Frameworks */,
				CB0A0D4219F662A900EFEB2C /* Resources */,
			);
			buildRules = (
			);
			dependencies = (
			);
			name = namapp;
			productName = namapp;
			productReference = CB0A0D4419F662A900EFEB2C /* namapp.app */;
			productType = "com.apple.product-type.application";
		};
		CB0A0D5B19F662A900EFEB2C /* namappTests */ = {
			isa = PBXNativeTarget;
			buildConfigurationList = CB0A0D6919F662AA00EFEB2C /* Build configuration list for PBXNativeTarget "namappTests" */;
			buildPhases = (
				CB0A0D5819F662A900EFEB2C /* Sources */,
				CB0A0D5919F662A900EFEB2C /* Frameworks */,
				CB0A0D5A19F662A900EFEB2C /* Resources */,
			);
			buildRules = (
			);
			dependencies = (
				CB0A0D5E19F662A900EFEB2C /* PBXTargetDependency */,
			);
			name = namappTests;
			productName = namappTests;
			productReference = CB0A0D5C19F662A900EFEB2C /* namappTests.xctest */;
			productType = "com.apple.product-type.bundle.unit-test";
		};
/* End PBXNativeTarget section */

/* Begin PBXProject section */
		CB0A0D3C19F662A900EFEB2C /* Project object */ = {
			isa = PBXProject;
			attributes = {
				LastUpgradeCheck = 0610;
				ORGANIZATIONNAME = "Jordi Wippert";
				TargetAttributes = {
					CB0A0D4319F662A900EFEB2C = {
						CreatedOnToolsVersion = 6.1;
						DevelopmentTeam = EBSX6CSZNX;
					};
					CB0A0D5B19F662A900EFEB2C = {
						CreatedOnToolsVersion = 6.1;
						TestTargetID = CB0A0D4319F662A900EFEB2C;
					};
				};
			};
			buildConfigurationList = CB0A0D3F19F662A900EFEB2C /* Build configuration list for PBXProject "namapp" */;
			compatibilityVersion = "Xcode 3.2";
			developmentRegion = English;
			hasScannedForEncodings = 0;
			knownRegions = (
				en,
				Base,
			);
			mainGroup = CB0A0D3B19F662A900EFEB2C;
			productRefGroup = CB0A0D4519F662A900EFEB2C /* Products */;
			projectDirPath = "";
			projectRoot = "";
			targets = (
				CB0A0D4319F662A900EFEB2C /* namapp */,
				CB0A0D5B19F662A900EFEB2C /* namappTests */,
			);
		};
/* End PBXProject section */

/* Begin PBXResourcesBuildPhase section */
		CB0A0D4219F662A900EFEB2C /* Resources */ = {
			isa = PBXResourcesBuildPhase;
			buildActionMask = 2147483647;
			files = (
				20C8690F1A36006400FAC10C /* Lato-Heavy.ttf in Resources */,
				20C8691A1A36006400FAC10C /* Lato-ThinItalic.ttf in Resources */,
				20C869121A36006400FAC10C /* Lato-Light.ttf in Resources */,
				20C869091A36006400FAC10C /* Lato-Black.ttf in Resources */,
				20C8690B1A36006400FAC10C /* Lato-Bold.ttf in Resources */,
				CB0A0D5219F662A900EFEB2C /* Main.storyboard in Resources */,
				20C869151A36006400FAC10C /* Lato-MediumItalic.ttf in Resources */,
				20C869181A36006400FAC10C /* Lato-SemiboldItalic.ttf in Resources */,
				20C8690A1A36006400FAC10C /* Lato-BlackItalic.ttf in Resources */,
				CBBB4AAD1A3737CA008AD023 /* Images.xcassets in Resources */,
				20C869101A36006400FAC10C /* Lato-HeavyItalic.ttf in Resources */,
				CB0A0D5719F662A900EFEB2C /* LaunchScreen.xib in Resources */,
				20C8690E1A36006400FAC10C /* Lato-HairlineItalic.ttf in Resources */,
				20C8690C1A36006400FAC10C /* Lato-BoldItalic.ttf in Resources */,
				20C869171A36006400FAC10C /* Lato-Semibold.ttf in Resources */,
				20C869141A36006400FAC10C /* Lato-Medium.ttf in Resources */,
				20C8690D1A36006400FAC10C /* Lato-Hairline.ttf in Resources */,
				20C869111A36006400FAC10C /* Lato-Italic.ttf in Resources */,
				20C869191A36006400FAC10C /* Lato-Thin.ttf in Resources */,
				20C869131A36006400FAC10C /* Lato-LightItalic.ttf in Resources */,
				20C869161A36006400FAC10C /* Lato-Regular.ttf in Resources */,
			);
			runOnlyForDeploymentPostprocessing = 0;
		};
		CB0A0D5A19F662A900EFEB2C /* Resources */ = {
			isa = PBXResourcesBuildPhase;
			buildActionMask = 2147483647;
			files = (
			);
			runOnlyForDeploymentPostprocessing = 0;
		};
/* End PBXResourcesBuildPhase section */

/* Begin PBXSourcesBuildPhase section */
		CB0A0D4019F662A900EFEB2C /* Sources */ = {
			isa = PBXSourcesBuildPhase;
			buildActionMask = 2147483647;
			files = (
				203F05301A406EC300968B6D /* addStatusColor.swift in Sources */,
				CB2491031A35BA3000635E42 /* CommentViewController.swift in Sources */,
				CBC6977A1A2361C4000B3CC6 /* DictController.swift in Sources */,
				CBA533F41A136B800022BA46 /* ArrayController.swift in Sources */,
				CB6A5AAA1A35E1C30047F2E9 /* Comment.swift in Sources */,
				20DC18561A3F344E000855DC /* DocumentCellView.swift in Sources */,
				CB292CC51A3F1405007FEB84 /* Backend.swift in Sources */,
				20DC18581A3F349D000855DC /* CommentCellView.swift in Sources */,
				CB93309B1A0266AD0042E28C /* DocumentViewController.swift in Sources */,
				203F05341A40841700968B6D /* placeholderTextView.swift in Sources */,
				20DC18541A3F2E7A000855DC /* CaseOverviewCellView.swift in Sources */,
				20DC185B1A3F3D33000855DC /* Colors.swift in Sources */,
				203F05321A40723B00968B6D /* ApplyShadowToUIView.swift in Sources */,
				20C868F61A35E65000FAC10C /* ColorWithRGBHex.swift in Sources */,
				CB2A3CCF1A247B4E00D70809 /* CaseViewController.swift in Sources */,
				CB2A3CD41A247D8D00D70809 /* Document.swift in Sources */,
				CB0A0D4D19F662A900EFEB2C /* namapp.xcdatamodeld in Sources */,
				CBC6977E1A236611000B3CC6 /* OverviewViewController.swift in Sources */,
				CBC697821A237098000B3CC6 /* CaseItem.swift in Sources */,
				20EBAEEF1A41A8EB00F17FB9 /* StatusColor.swift in Sources */,
				CB6E3CE31A2F2CE000A67E74 /* LoginViewController.swift in Sources */,
				CB292CC31A3EEF68007FEB84 /* ApplicationViewController.swift in Sources */,
				20EBAEE31A40994300F17FB9 /* RoundedCorners.swift in Sources */,
				CB0A0D4A19F662A900EFEB2C /* AppDelegate.swift in Sources */,
				CB6E3CE91A2FBC0400A67E74 /* Note.swift in Sources */,
				203F052C1A40605D00968B6D /* HideAndShowUIElement.swift in Sources */,
			);
			runOnlyForDeploymentPostprocessing = 0;
		};
		CB0A0D5819F662A900EFEB2C /* Sources */ = {
			isa = PBXSourcesBuildPhase;
			buildActionMask = 2147483647;
			files = (
				CB0A0D6319F662A900EFEB2C /* namappTests.swift in Sources */,
			);
			runOnlyForDeploymentPostprocessing = 0;
		};
/* End PBXSourcesBuildPhase section */

/* Begin PBXTargetDependency section */
		CB0A0D5E19F662A900EFEB2C /* PBXTargetDependency */ = {
			isa = PBXTargetDependency;
			target = CB0A0D4319F662A900EFEB2C /* namapp */;
			targetProxy = CB0A0D5D19F662A900EFEB2C /* PBXContainerItemProxy */;
		};
/* End PBXTargetDependency section */

/* Begin PBXVariantGroup section */
		CB0A0D5019F662A900EFEB2C /* Main.storyboard */ = {
			isa = PBXVariantGroup;
			children = (
				CB0A0D5119F662A900EFEB2C /* Base */,
			);
			name = Main.storyboard;
			sourceTree = "<group>";
		};
		CB0A0D5519F662A900EFEB2C /* LaunchScreen.xib */ = {
			isa = PBXVariantGroup;
			children = (
				CB0A0D5619F662A900EFEB2C /* Base */,
			);
			name = LaunchScreen.xib;
			sourceTree = "<group>";
		};
/* End PBXVariantGroup section */

/* Begin XCBuildConfiguration section */
		CB0A0D6419F662AA00EFEB2C /* Debug */ = {
			isa = XCBuildConfiguration;
			buildSettings = {
				ALWAYS_SEARCH_USER_PATHS = NO;
				CLANG_CXX_LANGUAGE_STANDARD = "gnu++0x";
				CLANG_CXX_LIBRARY = "libc++";
				CLANG_ENABLE_MODULES = YES;
				CLANG_ENABLE_OBJC_ARC = YES;
				CLANG_WARN_BOOL_CONVERSION = YES;
				CLANG_WARN_CONSTANT_CONVERSION = YES;
				CLANG_WARN_DIRECT_OBJC_ISA_USAGE = YES_ERROR;
				CLANG_WARN_EMPTY_BODY = YES;
				CLANG_WARN_ENUM_CONVERSION = YES;
				CLANG_WARN_INT_CONVERSION = YES;
				CLANG_WARN_OBJC_ROOT_CLASS = YES_ERROR;
				CLANG_WARN_UNREACHABLE_CODE = YES;
				CLANG_WARN__DUPLICATE_METHOD_MATCH = YES;
				"CODE_SIGN_IDENTITY[sdk=iphoneos*]" = "iPhone Developer";
				COPY_PHASE_STRIP = NO;
				ENABLE_STRICT_OBJC_MSGSEND = YES;
				GCC_C_LANGUAGE_STANDARD = gnu99;
				GCC_DYNAMIC_NO_PIC = NO;
				GCC_OPTIMIZATION_LEVEL = 0;
				GCC_PREPROCESSOR_DEFINITIONS = (
					"DEBUG=1",
					"$(inherited)",
				);
				GCC_SYMBOLS_PRIVATE_EXTERN = NO;
				GCC_WARN_64_TO_32_BIT_CONVERSION = YES;
				GCC_WARN_ABOUT_RETURN_TYPE = YES_ERROR;
				GCC_WARN_UNDECLARED_SELECTOR = YES;
				GCC_WARN_UNINITIALIZED_AUTOS = YES_AGGRESSIVE;
				GCC_WARN_UNUSED_FUNCTION = YES;
				GCC_WARN_UNUSED_VARIABLE = YES;
				IPHONEOS_DEPLOYMENT_TARGET = 8.1;
				MTL_ENABLE_DEBUG_INFO = YES;
				ONLY_ACTIVE_ARCH = YES;
				SDKROOT = iphoneos;
				SWIFT_OPTIMIZATION_LEVEL = "-Onone";
				TARGETED_DEVICE_FAMILY = 2;
			};
			name = Debug;
		};
		CB0A0D6519F662AA00EFEB2C /* Release */ = {
			isa = XCBuildConfiguration;
			buildSettings = {
				ALWAYS_SEARCH_USER_PATHS = NO;
				CLANG_CXX_LANGUAGE_STANDARD = "gnu++0x";
				CLANG_CXX_LIBRARY = "libc++";
				CLANG_ENABLE_MODULES = YES;
				CLANG_ENABLE_OBJC_ARC = YES;
				CLANG_WARN_BOOL_CONVERSION = YES;
				CLANG_WARN_CONSTANT_CONVERSION = YES;
				CLANG_WARN_DIRECT_OBJC_ISA_USAGE = YES_ERROR;
				CLANG_WARN_EMPTY_BODY = YES;
				CLANG_WARN_ENUM_CONVERSION = YES;
				CLANG_WARN_INT_CONVERSION = YES;
				CLANG_WARN_OBJC_ROOT_CLASS = YES_ERROR;
				CLANG_WARN_UNREACHABLE_CODE = YES;
				CLANG_WARN__DUPLICATE_METHOD_MATCH = YES;
				"CODE_SIGN_IDENTITY[sdk=iphoneos*]" = "iPhone Developer";
				COPY_PHASE_STRIP = YES;
				ENABLE_NS_ASSERTIONS = NO;
				ENABLE_STRICT_OBJC_MSGSEND = YES;
				GCC_C_LANGUAGE_STANDARD = gnu99;
				GCC_WARN_64_TO_32_BIT_CONVERSION = YES;
				GCC_WARN_ABOUT_RETURN_TYPE = YES_ERROR;
				GCC_WARN_UNDECLARED_SELECTOR = YES;
				GCC_WARN_UNINITIALIZED_AUTOS = YES_AGGRESSIVE;
				GCC_WARN_UNUSED_FUNCTION = YES;
				GCC_WARN_UNUSED_VARIABLE = YES;
				IPHONEOS_DEPLOYMENT_TARGET = 8.1;
				MTL_ENABLE_DEBUG_INFO = NO;
				SDKROOT = iphoneos;
				TARGETED_DEVICE_FAMILY = 2;
				VALIDATE_PRODUCT = YES;
			};
			name = Release;
		};
		CB0A0D6719F662AA00EFEB2C /* Debug */ = {
			isa = XCBuildConfiguration;
			buildSettings = {
				ASSETCATALOG_COMPILER_APPICON_NAME = AppIcon;
				ASSETCATALOG_COMPILER_LAUNCHIMAGE_NAME = LaunchImage;
				CODE_SIGN_IDENTITY = "iPhone Developer";
				INFOPLIST_FILE = namapp/Info.plist;
				IPHONEOS_DEPLOYMENT_TARGET = 7.0;
				LD_RUNPATH_SEARCH_PATHS = "$(inherited) @executable_path/Frameworks";
				PRODUCT_NAME = "$(TARGET_NAME)";
				TARGETED_DEVICE_FAMILY = 2;
			};
			name = Debug;
		};
		CB0A0D6819F662AA00EFEB2C /* Release */ = {
			isa = XCBuildConfiguration;
			buildSettings = {
				ASSETCATALOG_COMPILER_APPICON_NAME = AppIcon;
				ASSETCATALOG_COMPILER_LAUNCHIMAGE_NAME = LaunchImage;
				CODE_SIGN_IDENTITY = "iPhone Developer";
				INFOPLIST_FILE = namapp/Info.plist;
				IPHONEOS_DEPLOYMENT_TARGET = 7.0;
				LD_RUNPATH_SEARCH_PATHS = "$(inherited) @executable_path/Frameworks";
				PRODUCT_NAME = "$(TARGET_NAME)";
				TARGETED_DEVICE_FAMILY = 2;
			};
			name = Release;
		};
		CB0A0D6A19F662AA00EFEB2C /* Debug */ = {
			isa = XCBuildConfiguration;
			buildSettings = {
				BUNDLE_LOADER = "$(TEST_HOST)";
				FRAMEWORK_SEARCH_PATHS = (
					"$(SDKROOT)/Developer/Library/Frameworks",
					"$(inherited)",
				);
				GCC_PREPROCESSOR_DEFINITIONS = (
					"DEBUG=1",
					"$(inherited)",
				);
				INFOPLIST_FILE = namappTests/Info.plist;
				LD_RUNPATH_SEARCH_PATHS = "$(inherited) @executable_path/Frameworks @loader_path/Frameworks";
				PRODUCT_NAME = "$(TARGET_NAME)";
				TEST_HOST = "$(BUILT_PRODUCTS_DIR)/namapp.app/namapp";
			};
			name = Debug;
		};
		CB0A0D6B19F662AA00EFEB2C /* Release */ = {
			isa = XCBuildConfiguration;
			buildSettings = {
				BUNDLE_LOADER = "$(TEST_HOST)";
				FRAMEWORK_SEARCH_PATHS = (
					"$(SDKROOT)/Developer/Library/Frameworks",
					"$(inherited)",
				);
				INFOPLIST_FILE = namappTests/Info.plist;
				LD_RUNPATH_SEARCH_PATHS = "$(inherited) @executable_path/Frameworks @loader_path/Frameworks";
				PRODUCT_NAME = "$(TARGET_NAME)";
				TEST_HOST = "$(BUILT_PRODUCTS_DIR)/namapp.app/namapp";
			};
			name = Release;
		};
/* End XCBuildConfiguration section */

/* Begin XCConfigurationList section */
		CB0A0D3F19F662A900EFEB2C /* Build configuration list for PBXProject "namapp" */ = {
			isa = XCConfigurationList;
			buildConfigurations = (
				CB0A0D6419F662AA00EFEB2C /* Debug */,
				CB0A0D6519F662AA00EFEB2C /* Release */,
			);
			defaultConfigurationIsVisible = 0;
			defaultConfigurationName = Release;
		};
		CB0A0D6619F662AA00EFEB2C /* Build configuration list for PBXNativeTarget "namapp" */ = {
			isa = XCConfigurationList;
			buildConfigurations = (
				CB0A0D6719F662AA00EFEB2C /* Debug */,
				CB0A0D6819F662AA00EFEB2C /* Release */,
			);
			defaultConfigurationIsVisible = 0;
			defaultConfigurationName = Release;
		};
		CB0A0D6919F662AA00EFEB2C /* Build configuration list for PBXNativeTarget "namappTests" */ = {
			isa = XCConfigurationList;
			buildConfigurations = (
				CB0A0D6A19F662AA00EFEB2C /* Debug */,
				CB0A0D6B19F662AA00EFEB2C /* Release */,
			);
			defaultConfigurationIsVisible = 0;
			defaultConfigurationName = Release;
		};
/* End XCConfigurationList section */

/* Begin XCVersionGroup section */
		CB0A0D4B19F662A900EFEB2C /* namapp.xcdatamodeld */ = {
			isa = XCVersionGroup;
			children = (
				CB0A0D4C19F662A900EFEB2C /* namapp.xcdatamodel */,
			);
			currentVersion = CB0A0D4C19F662A900EFEB2C /* namapp.xcdatamodel */;
			path = namapp.xcdatamodeld;
			sourceTree = "<group>";
			versionGroupType = wrapper.xcdatamodel;
		};
/* End XCVersionGroup section */
	};
	rootObject = CB0A0D3C19F662A900EFEB2C /* Project object */;
}
